
Microsoft Visual Studio Solution File, Format Version 12.00
# Visual Studio Version 17
VisualStudioVersion = 17.5.33516.290
MinimumVisualStudioVersion = 10.0.40219.1
Project("{2150E333-8FDC-42A3-9474-1A3956D46DE8}") = "src", "src", "{11638002-D217-4B91-BA63-4AC3711549F0}"
EndProject
Project("{2150E333-8FDC-42A3-9474-1A3956D46DE8}") = "backend", "backend", "{F3F7AC01-8BA5-4B77-B1C0-08666BAAD52E}"
EndProject
Project("{2150E333-8FDC-42A3-9474-1A3956D46DE8}") = "Core", "Core", "{41F21812-A394-4A95-954C-B42DC7E6F399}"
EndProject
Project("{2150E333-8FDC-42A3-9474-1A3956D46DE8}") = "Infrastructure", "Infrastructure", "{1B36A1D3-449A-483A-8037-C5B6EE211963}"
EndProject
Project("{2150E333-8FDC-42A3-9474-1A3956D46DE8}") = "Presentation", "Presentation", "{E1193681-13C7-4DC3-957D-D58D400B1772}"
EndProject
Project("{9A19103F-16F7-4668-BE54-9A1E7A4F7556}") = "CMCDemo.Domain", "CMC.Domain\CMCDemo.Domain.csproj", "{5B308ADB-CCA9-495F-B810-62CB91A01C46}"
EndProject
Project("{9A19103F-16F7-4668-BE54-9A1E7A4F7556}") = "CMCDemo.Applications", "CMCDemo.Applications\CMCDemo.Applications.csproj", "{C5595429-D9A7-443F-9CDD-E4A3FA787033}"
	ProjectSection(ProjectDependencies) = postProject
		{5B308ADB-CCA9-495F-B810-62CB91A01C46} = {5B308ADB-CCA9-495F-B810-62CB91A01C46}
	EndProjectSection
EndProject
Project("{9A19103F-16F7-4668-BE54-9A1E7A4F7556}") = "CMCDemo.Persistence", "CMCDemo.Persistence\CMCDemo.Persistence.csproj", "{EA49D5AD-ACE6-428A-807E-3FF7B920A4BC}"
EndProject
Project("{FAE04EC0-301F-11D3-BF4B-00C04F79EFBC}") = "CMCDemo_WebApi", "CMCDemo.Presentation\CMCDemo_WebApi\CMCDemo_WebApi.csproj", "{D55E510F-370B-40DC-BDF8-D3C9C5587E51}"
EndProject
Global
	GlobalSection(SolutionConfigurationPlatforms) = preSolution
		Debug|Any CPU = Debug|Any CPU
		Release|Any CPU = Release|Any CPU
	EndGlobalSection
	GlobalSection(ProjectConfigurationPlatforms) = postSolution
		{5B308ADB-CCA9-495F-B810-62CB91A01C46}.Debug|Any CPU.ActiveCfg = Debug|Any CPU
		{5B308ADB-CCA9-495F-B810-62CB91A01C46}.Debug|Any CPU.Build.0 = Debug|Any CPU
		{5B308ADB-CCA9-495F-B810-62CB91A01C46}.Release|Any CPU.ActiveCfg = Release|Any CPU
		{5B308ADB-CCA9-495F-B810-62CB91A01C46}.Release|Any CPU.Build.0 = Release|Any CPU
		{C5595429-D9A7-443F-9CDD-E4A3FA787033}.Debug|Any CPU.ActiveCfg = Debug|Any CPU
		{C5595429-D9A7-443F-9CDD-E4A3FA787033}.Debug|Any CPU.Build.0 = Debug|Any CPU
		{C5595429-D9A7-443F-9CDD-E4A3FA787033}.Release|Any CPU.ActiveCfg = Release|Any CPU
		{C5595429-D9A7-443F-9CDD-E4A3FA787033}.Release|Any CPU.Build.0 = Release|Any CPU
		{EA49D5AD-ACE6-428A-807E-3FF7B920A4BC}.Debug|Any CPU.ActiveCfg = Debug|Any CPU
		{EA49D5AD-ACE6-428A-807E-3FF7B920A4BC}.Debug|Any CPU.Build.0 = Debug|Any CPU
		{EA49D5AD-ACE6-428A-807E-3FF7B920A4BC}.Release|Any CPU.ActiveCfg = Release|Any CPU
		{EA49D5AD-ACE6-428A-807E-3FF7B920A4BC}.Release|Any CPU.Build.0 = Release|Any CPU
		{D55E510F-370B-40DC-BDF8-D3C9C5587E51}.Debug|Any CPU.ActiveCfg = Debug|Any CPU
		{D55E510F-370B-40DC-BDF8-D3C9C5587E51}.Debug|Any CPU.Build.0 = Debug|Any CPU
		{D55E510F-370B-40DC-BDF8-D3C9C5587E51}.Release|Any CPU.ActiveCfg = Release|Any CPU
		{D55E510F-370B-40DC-BDF8-D3C9C5587E51}.Release|Any CPU.Build.0 = Release|Any CPU
	EndGlobalSection
	GlobalSection(SolutionProperties) = preSolution
		HideSolutionNode = FALSE
	EndGlobalSection
	GlobalSection(NestedProjects) = preSolution
		{F3F7AC01-8BA5-4B77-B1C0-08666BAAD52E} = {11638002-D217-4B91-BA63-4AC3711549F0}
		{41F21812-A394-4A95-954C-B42DC7E6F399} = {F3F7AC01-8BA5-4B77-B1C0-08666BAAD52E}
		{1B36A1D3-449A-483A-8037-C5B6EE211963} = {F3F7AC01-8BA5-4B77-B1C0-08666BAAD52E}
		{E1193681-13C7-4DC3-957D-D58D400B1772} = {F3F7AC01-8BA5-4B77-B1C0-08666BAAD52E}
		{5B308ADB-CCA9-495F-B810-62CB91A01C46} = {41F21812-A394-4A95-954C-B42DC7E6F399}
		{C5595429-D9A7-443F-9CDD-E4A3FA787033} = {41F21812-A394-4A95-954C-B42DC7E6F399}
		{EA49D5AD-ACE6-428A-807E-3FF7B920A4BC} = {1B36A1D3-449A-483A-8037-C5B6EE211963}
		{D55E510F-370B-40DC-BDF8-D3C9C5587E51} = {E1193681-13C7-4DC3-957D-D58D400B1772}
	EndGlobalSection
	GlobalSection(ExtensibilityGlobals) = postSolution
		SolutionGuid = {343CD4F0-C112-421B-8465-BCBCEAB9C6FC}
	EndGlobalSection
EndGlobal
